
Microsoft Visual Studio Solution File, Format Version 12.00
# Visual Studio Version 17
VisualStudioVersion = 17.0.31903.59
MinimumVisualStudioVersion = 10.0.40219.1
Project("{FAE04EC0-301F-11D3-BF4B-00C04F79EFBC}") = "CMS.Common.Messaging", "CMS.Common.Messaging\CMS.Common.Messaging.csproj", "{BBAF45CC-E80D-4E73-B45C-04AD69F373D6}"
EndProject
Project("{FAE04EC0-301F-11D3-BF4B-00C04F79EFBC}") = "CMS.ApiGateway", "CMS.ApiGateway\CMS.ApiGateway.csproj", "{47E31694-69A8-4DED-BE18-4415AA5395FA}"
EndProject
Project("{FAE04EC0-301F-11D3-BF4B-00C04F79EFBC}") = "CMS.StudentService", "CMS.StudentService\CMS.StudentService.csproj", "{8EA427C2-D060-4DBD-A763-8B9051B49373}"
EndProject
Project("{FAE04EC0-301F-11D3-BF4B-00C04F79EFBC}") = "CMS.CourseService", "CMS.CourseService\CMS.CourseService.csproj", "{5D01DAD0-2D2E-443F-BBCD-047E10595666}"
EndProject
Project("{FAE04EC0-301F-11D3-BF4B-00C04F79EFBC}") = "CMS.EnrollmentService", "CMS.EnrollmentService\CMS.EnrollmentService.csproj", "{AF517AF5-8FB3-45A1-BDFD-2E6983E1FDC9}"
EndProject
Project("{FAE04EC0-301F-11D3-BF4B-00C04F79EFBC}") = "CMS.FeeService", "CMS.FeeService\CMS.FeeService.csproj", "{7657FB7D-1FC3-4007-8408-6BF05BC70C59}"
EndProject
Project("{FAE04EC0-301F-11D3-BF4B-00C04F79EFBC}") = "CMS.AttendanceService", "CMS.AttendanceService\CMS.AttendanceService.csproj", "{71B7B3A0-DE37-4C12-9453-B968FA2532E0}"
EndProject
Project("{FAE04EC0-301F-11D3-BF4B-00C04F79EFBC}") = "CMS.NotificationService", "CMS.NotificationService\CMS.NotificationService.csproj", "{8460CED0-0053-4219-8A19-4180DF846693}"
EndProject
Project("{FAE04EC0-301F-11D3-BF4B-00C04F79EFBC}") = "CMS.AcademicService", "CMS.AcademicService\CMS.AcademicService.csproj", "{BFD915C3-E3E2-4A52-9CF7-DC5E085871B0}"
EndProject
Project("{FAE04EC0-301F-11D3-BF4B-00C04F79EFBC}") = "CMS.AuthService", "CMS.AuthService\CMS.AuthService.csproj", "{F590AF38-A4A8-42FC-BE96-4613E5692858}"
EndProject
Project("{FAE04EC0-301F-11D3-BF4B-00C04F79EFBC}") = "CMS.AIService", "CMS.AIService\CMS.AIService.csproj", "{F27C206F-8B31-4D32-97E0-6FA9424448A7}"
EndProject
Project("{FAE04EC0-301F-11D3-BF4B-00C04F79EFBC}") = "CMS.AIAssistantService", "CMS.AIAssistantService\CMS.AIAssistantService.csproj", "{9D74350D-EE63-490C-A722-1E608F13DC2A}"
EndProject
Global
	GlobalSection(SolutionConfigurationPlatforms) = preSolution
		Debug|Any CPU = Debug|Any CPU
		Debug|x64 = Debug|x64
		Debug|x86 = Debug|x86
		Release|Any CPU = Release|Any CPU
		Release|x64 = Release|x64
		Release|x86 = Release|x86
	EndGlobalSection
	GlobalSection(ProjectConfigurationPlatforms) = postSolution
		{BBAF45CC-E80D-4E73-B45C-04AD69F373D6}.Debug|Any CPU.ActiveCfg = Debug|Any CPU
		{BBAF45CC-E80D-4E73-B45C-04AD69F373D6}.Debug|Any CPU.Build.0 = Debug|Any CPU
		{BBAF45CC-E80D-4E73-B45C-04AD69F373D6}.Debug|x64.ActiveCfg = Debug|Any CPU
		{BBAF45CC-E80D-4E73-B45C-04AD69F373D6}.Debug|x64.Build.0 = Debug|Any CPU
		{BBAF45CC-E80D-4E73-B45C-04AD69F373D6}.Debug|x86.ActiveCfg = Debug|Any CPU
		{BBAF45CC-E80D-4E73-B45C-04AD69F373D6}.Debug|x86.Build.0 = Debug|Any CPU
		{BBAF45CC-E80D-4E73-B45C-04AD69F373D6}.Release|Any CPU.ActiveCfg = Release|Any CPU
		{BBAF45CC-E80D-4E73-B45C-04AD69F373D6}.Release|Any CPU.Build.0 = Release|Any CPU
		{BBAF45CC-E80D-4E73-B45C-04AD69F373D6}.Release|x64.ActiveCfg = Release|Any CPU
		{BBAF45CC-E80D-4E73-B45C-04AD69F373D6}.Release|x64.Build.0 = Release|Any CPU
		{BBAF45CC-E80D-4E73-B45C-04AD69F373D6}.Release|x86.ActiveCfg = Release|Any CPU
		{BBAF45CC-E80D-4E73-B45C-04AD69F373D6}.Release|x86.Build.0 = Release|Any CPU
		{47E31694-69A8-4DED-BE18-4415AA5395FA}.Debug|Any CPU.ActiveCfg = Debug|Any CPU
		{47E31694-69A8-4DED-BE18-4415AA5395FA}.Debug|Any CPU.Build.0 = Debug|Any CPU
		{47E31694-69A8-4DED-BE18-4415AA5395FA}.Debug|x64.ActiveCfg = Debug|Any CPU
		{47E31694-69A8-4DED-BE18-4415AA5395FA}.Debug|x64.Build.0 = Debug|Any CPU
		{47E31694-69A8-4DED-BE18-4415AA5395FA}.Debug|x86.ActiveCfg = Debug|Any CPU
		{47E31694-69A8-4DED-BE18-4415AA5395FA}.Debug|x86.Build.0 = Debug|Any CPU
		{47E31694-69A8-4DED-BE18-4415AA5395FA}.Release|Any CPU.ActiveCfg = Release|Any CPU
		{47E31694-69A8-4DED-BE18-4415AA5395FA}.Release|Any CPU.Build.0 = Release|Any CPU
		{47E31694-69A8-4DED-BE18-4415AA5395FA}.Release|x64.ActiveCfg = Release|Any CPU
		{47E31694-69A8-4DED-BE18-4415AA5395FA}.Release|x64.Build.0 = Release|Any CPU
		{47E31694-69A8-4DED-BE18-4415AA5395FA}.Release|x86.ActiveCfg = Release|Any CPU
		{47E31694-69A8-4DED-BE18-4415AA5395FA}.Release|x86.Build.0 = Release|Any CPU
		{8EA427C2-D060-4DBD-A763-8B9051B49373}.Debug|Any CPU.ActiveCfg = Debug|Any CPU
		{8EA427C2-D060-4DBD-A763-8B9051B49373}.Debug|Any CPU.Build.0 = Debug|Any CPU
		{8EA427C2-D060-4DBD-A763-8B9051B49373}.Debug|x64.ActiveCfg = Debug|Any CPU
		{8EA427C2-D060-4DBD-A763-8B9051B49373}.Debug|x64.Build.0 = Debug|Any CPU
		{8EA427C2-D060-4DBD-A763-8B9051B49373}.Debug|x86.ActiveCfg = Debug|Any CPU
		{8EA427C2-D060-4DBD-A763-8B9051B49373}.Debug|x86.Build.0 = Debug|Any CPU
		{8EA427C2-D060-4DBD-A763-8B9051B49373}.Release|Any CPU.ActiveCfg = Release|Any CPU
		{8EA427C2-D060-4DBD-A763-8B9051B49373}.Release|Any CPU.Build.0 = Release|Any CPU
		{8EA427C2-D060-4DBD-A763-8B9051B49373}.Release|x64.ActiveCfg = Release|Any CPU
		{8EA427C2-D060-4DBD-A763-8B9051B49373}.Release|x64.Build.0 = Release|Any CPU
		{8EA427C2-D060-4DBD-A763-8B9051B49373}.Release|x86.ActiveCfg = Release|Any CPU
		{8EA427C2-D060-4DBD-A763-8B9051B49373}.Release|x86.Build.0 = Release|Any CPU
		{5D01DAD0-2D2E-443F-BBCD-047E10595666}.Debug|Any CPU.ActiveCfg = Debug|Any CPU
		{5D01DAD0-2D2E-443F-BBCD-047E10595666}.Debug|Any CPU.Build.0 = Debug|Any CPU
		{5D01DAD0-2D2E-443F-BBCD-047E10595666}.Debug|x64.ActiveCfg = Debug|Any CPU
		{5D01DAD0-2D2E-443F-BBCD-047E10595666}.Debug|x64.Build.0 = Debug|Any CPU
		{5D01DAD0-2D2E-443F-BBCD-047E10595666}.Debug|x86.ActiveCfg = Debug|Any CPU
		{5D01DAD0-2D2E-443F-BBCD-047E10595666}.Debug|x86.Build.0 = Debug|Any CPU
		{5D01DAD0-2D2E-443F-BBCD-047E10595666}.Release|Any CPU.ActiveCfg = Release|Any CPU
		{5D01DAD0-2D2E-443F-BBCD-047E10595666}.Release|Any CPU.Build.0 = Release|Any CPU
		{5D01DAD0-2D2E-443F-BBCD-047E10595666}.Release|x64.ActiveCfg = Release|Any CPU
		{5D01DAD0-2D2E-443F-BBCD-047E10595666}.Release|x64.Build.0 = Release|Any CPU
		{5D01DAD0-2D2E-443F-BBCD-047E10595666}.Release|x86.ActiveCfg = Release|Any CPU
		{5D01DAD0-2D2E-443F-BBCD-047E10595666}.Release|x86.Build.0 = Release|Any CPU
		{AF517AF5-8FB3-45A1-BDFD-2E6983E1FDC9}.Debug|Any CPU.ActiveCfg = Debug|Any CPU
		{AF517AF5-8FB3-45A1-BDFD-2E6983E1FDC9}.Debug|Any CPU.Build.0 = Debug|Any CPU
		{AF517AF5-8FB3-45A1-BDFD-2E6983E1FDC9}.Debug|x64.ActiveCfg = Debug|Any CPU
		{AF517AF5-8FB3-45A1-BDFD-2E6983E1FDC9}.Debug|x64.Build.0 = Debug|Any CPU
		{AF517AF5-8FB3-45A1-BDFD-2E6983E1FDC9}.Debug|x86.ActiveCfg = Debug|Any CPU
		{AF517AF5-8FB3-45A1-BDFD-2E6983E1FDC9}.Debug|x86.Build.0 = Debug|Any CPU
		{AF517AF5-8FB3-45A1-BDFD-2E6983E1FDC9}.Release|Any CPU.ActiveCfg = Release|Any CPU
		{AF517AF5-8FB3-45A1-BDFD-2E6983E1FDC9}.Release|Any CPU.Build.0 = Release|Any CPU
		{AF517AF5-8FB3-45A1-BDFD-2E6983E1FDC9}.Release|x64.ActiveCfg = Release|Any CPU
		{AF517AF5-8FB3-45A1-BDFD-2E6983E1FDC9}.Release|x64.Build.0 = Release|Any CPU
		{AF517AF5-8FB3-45A1-BDFD-2E6983E1FDC9}.Release|x86.ActiveCfg = Release|Any CPU
		{AF517AF5-8FB3-45A1-BDFD-2E6983E1FDC9}.Release|x86.Build.0 = Release|Any CPU
		{7657FB7D-1FC3-4007-8408-6BF05BC70C59}.Debug|Any CPU.ActiveCfg = Debug|Any CPU
		{7657FB7D-1FC3-4007-8408-6BF05BC70C59}.Debug|Any CPU.Build.0 = Debug|Any CPU
		{7657FB7D-1FC3-4007-8408-6BF05BC70C59}.Debug|x64.ActiveCfg = Debug|Any CPU
		{7657FB7D-1FC3-4007-8408-6BF05BC70C59}.Debug|x64.Build.0 = Debug|Any CPU
		{7657FB7D-1FC3-4007-8408-6BF05BC70C59}.Debug|x86.ActiveCfg = Debug|Any CPU
		{7657FB7D-1FC3-4007-8408-6BF05BC70C59}.Debug|x86.Build.0 = Debug|Any CPU
		{7657FB7D-1FC3-4007-8408-6BF05BC70C59}.Release|Any CPU.ActiveCfg = Release|Any CPU
		{7657FB7D-1FC3-4007-8408-6BF05BC70C59}.Release|Any CPU.Build.0 = Release|Any CPU
		{7657FB7D-1FC3-4007-8408-6BF05BC70C59}.Release|x64.ActiveCfg = Release|Any CPU
		{7657FB7D-1FC3-4007-8408-6BF05BC70C59}.Release|x64.Build.0 = Release|Any CPU
		{7657FB7D-1FC3-4007-8408-6BF05BC70C59}.Release|x86.ActiveCfg = Release|Any CPU
		{7657FB7D-1FC3-4007-8408-6BF05BC70C59}.Release|x86.Build.0 = Release|Any CPU
		{71B7B3A0-DE37-4C12-9453-B968FA2532E0}.Debug|Any CPU.ActiveCfg = Debug|Any CPU
		{71B7B3A0-DE37-4C12-9453-B968FA2532E0}.Debug|Any CPU.Build.0 = Debug|Any CPU
		{71B7B3A0-DE37-4C12-9453-B968FA2532E0}.Debug|x64.ActiveCfg = Debug|Any CPU
		{71B7B3A0-DE37-4C12-9453-B968FA2532E0}.Debug|x64.Build.0 = Debug|Any CPU
		{71B7B3A0-DE37-4C12-9453-B968FA2532E0}.Debug|x86.ActiveCfg = Debug|Any CPU
		{71B7B3A0-DE37-4C12-9453-B968FA2532E0}.Debug|x86.Build.0 = Debug|Any CPU
		{71B7B3A0-DE37-4C12-9453-B968FA2532E0}.Release|Any CPU.ActiveCfg = Release|Any CPU
		{71B7B3A0-DE37-4C12-9453-B968FA2532E0}.Release|Any CPU.Build.0 = Release|Any CPU
		{71B7B3A0-DE37-4C12-9453-B968FA2532E0}.Release|x64.ActiveCfg = Release|Any CPU
		{71B7B3A0-DE37-4C12-9453-B968FA2532E0}.Release|x64.Build.0 = Release|Any CPU
		{71B7B3A0-DE37-4C12-9453-B968FA2532E0}.Release|x86.ActiveCfg = Release|Any CPU
		{71B7B3A0-DE37-4C12-9453-B968FA2532E0}.Release|x86.Build.0 = Release|Any CPU
		{8460CED0-0053-4219-8A19-4180DF846693}.Debug|Any CPU.ActiveCfg = Debug|Any CPU
		{8460CED0-0053-4219-8A19-4180DF846693}.Debug|Any CPU.Build.0 = Debug|Any CPU
		{8460CED0-0053-4219-8A19-4180DF846693}.Debug|x64.ActiveCfg = Debug|Any CPU
		{8460CED0-0053-4219-8A19-4180DF846693}.Debug|x64.Build.0 = Debug|Any CPU
		{8460CED0-0053-4219-8A19-4180DF846693}.Debug|x86.ActiveCfg = Debug|Any CPU
		{8460CED0-0053-4219-8A19-4180DF846693}.Debug|x86.Build.0 = Debug|Any CPU
		{8460CED0-0053-4219-8A19-4180DF846693}.Release|Any CPU.ActiveCfg = Release|Any CPU
		{8460CED0-0053-4219-8A19-4180DF846693}.Release|Any CPU.Build.0 = Release|Any CPU
		{8460CED0-0053-4219-8A19-4180DF846693}.Release|x64.ActiveCfg = Release|Any CPU
		{8460CED0-0053-4219-8A19-4180DF846693}.Release|x64.Build.0 = Release|Any CPU
		{8460CED0-0053-4219-8A19-4180DF846693}.Release|x86.ActiveCfg = Release|Any CPU
		{8460CED0-0053-4219-8A19-4180DF846693}.Release|x86.Build.0 = Release|Any CPU
		{BFD915C3-E3E2-4A52-9CF7-DC5E085871B0}.Debug|Any CPU.ActiveCfg = Debug|Any CPU
		{BFD915C3-E3E2-4A52-9CF7-DC5E085871B0}.Debug|Any CPU.Build.0 = Debug|Any CPU
		{BFD915C3-E3E2-4A52-9CF7-DC5E085871B0}.Debug|x64.ActiveCfg = Debug|Any CPU
		{BFD915C3-E3E2-4A52-9CF7-DC5E085871B0}.Debug|x64.Build.0 = Debug|Any CPU
		{BFD915C3-E3E2-4A52-9CF7-DC5E085871B0}.Debug|x86.ActiveCfg = Debug|Any CPU
		{BFD915C3-E3E2-4A52-9CF7-DC5E085871B0}.Debug|x86.Build.0 = Debug|Any CPU
		{BFD915C3-E3E2-4A52-9CF7-DC5E085871B0}.Release|Any CPU.ActiveCfg = Release|Any CPU
		{BFD915C3-E3E2-4A52-9CF7-DC5E085871B0}.Release|Any CPU.Build.0 = Release|Any CPU
		{BFD915C3-E3E2-4A52-9CF7-DC5E085871B0}.Release|x64.ActiveCfg = Release|Any CPU
		{BFD915C3-E3E2-4A52-9CF7-DC5E085871B0}.Release|x64.Build.0 = Release|Any CPU
		{BFD915C3-E3E2-4A52-9CF7-DC5E085871B0}.Release|x86.ActiveCfg = Release|Any CPU
		{BFD915C3-E3E2-4A52-9CF7-DC5E085871B0}.Release|x86.Build.0 = Release|Any CPU
		{F590AF38-A4A8-42FC-BE96-4613E5692858}.Debug|Any CPU.ActiveCfg = Debug|Any CPU
		{F590AF38-A4A8-42FC-BE96-4613E5692858}.Debug|Any CPU.Build.0 = Debug|Any CPU
		{F590AF38-A4A8-42FC-BE96-4613E5692858}.Debug|x64.ActiveCfg = Debug|Any CPU
		{F590AF38-A4A8-42FC-BE96-4613E5692858}.Debug|x64.Build.0 = Debug|Any CPU
		{F590AF38-A4A8-42FC-BE96-4613E5692858}.Debug|x86.ActiveCfg = Debug|Any CPU
		{F590AF38-A4A8-42FC-BE96-4613E5692858}.Debug|x86.Build.0 = Debug|Any CPU
		{F590AF38-A4A8-42FC-BE96-4613E5692858}.Release|Any CPU.ActiveCfg = Release|Any CPU
		{F590AF38-A4A8-42FC-BE96-4613E5692858}.Release|Any CPU.Build.0 = Release|Any CPU
		{F590AF38-A4A8-42FC-BE96-4613E5692858}.Release|x64.ActiveCfg = Release|Any CPU
		{F590AF38-A4A8-42FC-BE96-4613E5692858}.Release|x64.Build.0 = Release|Any CPU
		{F590AF38-A4A8-42FC-BE96-4613E5692858}.Release|x86.ActiveCfg = Release|Any CPU
		{F590AF38-A4A8-42FC-BE96-4613E5692858}.Release|x86.Build.0 = Release|Any CPU
		{F27C206F-8B31-4D32-97E0-6FA9424448A7}.Debug|Any CPU.ActiveCfg = Debug|Any CPU
		{F27C206F-8B31-4D32-97E0-6FA9424448A7}.Debug|Any CPU.Build.0 = Debug|Any CPU
		{F27C206F-8B31-4D32-97E0-6FA9424448A7}.Debug|x64.ActiveCfg = Debug|Any CPU
		{F27C206F-8B31-4D32-97E0-6FA9424448A7}.Debug|x64.Build.0 = Debug|Any CPU
		{F27C206F-8B31-4D32-97E0-6FA9424448A7}.Debug|x86.ActiveCfg = Debug|Any CPU
		{F27C206F-8B31-4D32-97E0-6FA9424448A7}.Debug|x86.Build.0 = Debug|Any CPU
		{F27C206F-8B31-4D32-97E0-6FA9424448A7}.Release|Any CPU.ActiveCfg = Release|Any CPU
		{F27C206F-8B31-4D32-97E0-6FA9424448A7}.Release|Any CPU.Build.0 = Release|Any CPU
		{F27C206F-8B31-4D32-97E0-6FA9424448A7}.Release|x64.ActiveCfg = Release|Any CPU
		{F27C206F-8B31-4D32-97E0-6FA9424448A7}.Release|x64.Build.0 = Release|Any CPU
		{F27C206F-8B31-4D32-97E0-6FA9424448A7}.Release|x86.ActiveCfg = Release|Any CPU
		{F27C206F-8B31-4D32-97E0-6FA9424448A7}.Release|x86.Build.0 = Release|Any CPU
		{9D74350D-EE63-490C-A722-1E608F13DC2A}.Debug|Any CPU.ActiveCfg = Debug|Any CPU
		{9D74350D-EE63-490C-A722-1E608F13DC2A}.Debug|Any CPU.Build.0 = Debug|Any CPU
		{9D74350D-EE63-490C-A722-1E608F13DC2A}.Debug|x64.ActiveCfg = Debug|Any CPU
		{9D74350D-EE63-490C-A722-1E608F13DC2A}.Debug|x64.Build.0 = Debug|Any CPU
		{9D74350D-EE63-490C-A722-1E608F13DC2A}.Debug|x86.ActiveCfg = Debug|Any CPU
		{9D74350D-EE63-490C-A722-1E608F13DC2A}.Debug|x86.Build.0 = Debug|Any CPU
		{9D74350D-EE63-490C-A722-1E608F13DC2A}.Release|Any CPU.ActiveCfg = Release|Any CPU
		{9D74350D-EE63-490C-A722-1E608F13DC2A}.Release|Any CPU.Build.0 = Release|Any CPU
		{9D74350D-EE63-490C-A722-1E608F13DC2A}.Release|x64.ActiveCfg = Release|Any CPU
		{9D74350D-EE63-490C-A722-1E608F13DC2A}.Release|x64.Build.0 = Release|Any CPU
		{9D74350D-EE63-490C-A722-1E608F13DC2A}.Release|x86.ActiveCfg = Release|Any CPU
		{9D74350D-EE63-490C-A722-1E608F13DC2A}.Release|x86.Build.0 = Release|Any CPU
	EndGlobalSection
	GlobalSection(SolutionProperties) = preSolution
		HideSolutionNode = FALSE
	EndGlobalSection
EndGlobal
